// !$*UTF8*$!
{
	archiveVersion = 1;
	classes = {
	};
	objectVersion = 50;
	objects = {

/* Begin PBXBuildFile section */
		7883C9632196F893006CD47B /* AppDelegate.swift in Sources */ = {isa = PBXBuildFile; fileRef = 7883C9622196F893006CD47B /* AppDelegate.swift */; };
		7883C9652196F893006CD47B /* ViewController.swift in Sources */ = {isa = PBXBuildFile; fileRef = 7883C9642196F893006CD47B /* ViewController.swift */; };
		7883C9682196F893006CD47B /* Main.storyboard in Resources */ = {isa = PBXBuildFile; fileRef = 7883C9662196F893006CD47B /* Main.storyboard */; };
		7883C96A2196F894006CD47B /* Assets.xcassets in Resources */ = {isa = PBXBuildFile; fileRef = 7883C9692196F894006CD47B /* Assets.xcassets */; };
		7883C96D2196F894006CD47B /* LaunchScreen.storyboard in Resources */ = {isa = PBXBuildFile; fileRef = 7883C96B2196F894006CD47B /* LaunchScreen.storyboard */; };
		7883C9832196F8E4006CD47B /* SwiftBuzzTests.swift in Sources */ = {isa = PBXBuildFile; fileRef = 7883C9822196F8E4006CD47B /* SwiftBuzzTests.swift */; };
		7883C9852196F99F006CD47B /* SwiftBuzz.swift in Sources */ = {isa = PBXBuildFile; fileRef = 7883C9842196F99F006CD47B /* SwiftBuzz.swift */; };
/* End PBXBuildFile section */

/* Begin PBXContainerItemProxy section */
		7883C9742196F894006CD47B /* PBXContainerItemProxy */ = {
			isa = PBXContainerItemProxy;
			containerPortal = 7883C9572196F893006CD47B /* Project object */;
			proxyType = 1;
			remoteGlobalIDString = 7883C95E2196F893006CD47B;
			remoteInfo = swiftbuzz;
		};
/* End PBXContainerItemProxy section */

/* Begin PBXFileReference section */
		7883C95F2196F893006CD47B /* swiftbuzz.app */ = {isa = PBXFileReference; explicitFileType = wrapper.application; includeInIndex = 0; path = swiftbuzz.app; sourceTree = BUILT_PRODUCTS_DIR; };
		7883C9622196F893006CD47B /* AppDelegate.swift */ = {isa = PBXFileReference; lastKnownFileType = sourcecode.swift; path = AppDelegate.swift; sourceTree = "<group>"; };
		7883C9642196F893006CD47B /* ViewController.swift */ = {isa = PBXFileReference; lastKnownFileType = sourcecode.swift; path = ViewController.swift; sourceTree = "<group>"; };
		7883C9672196F893006CD47B /* Base */ = {isa = PBXFileReference; lastKnownFileType = file.storyboard; name = Base; path = Base.lproj/Main.storyboard; sourceTree = "<group>"; };
		7883C9692196F894006CD47B /* Assets.xcassets */ = {isa = PBXFileReference; lastKnownFileType = folder.assetcatalog; path = Assets.xcassets; sourceTree = "<group>"; };
		7883C96C2196F894006CD47B /* Base */ = {isa = PBXFileReference; lastKnownFileType = file.storyboard; name = Base; path = Base.lproj/LaunchScreen.storyboard; sourceTree = "<group>"; };
		7883C96E2196F894006CD47B /* Info.plist */ = {isa = PBXFileReference; lastKnownFileType = text.plist.xml; path = Info.plist; sourceTree = "<group>"; };
		7883C9732196F894006CD47B /* swiftbuzzTests.xctest */ = {isa = PBXFileReference; explicitFileType = wrapper.cfbundle; includeInIndex = 0; path = swiftbuzzTests.xctest; sourceTree = BUILT_PRODUCTS_DIR; };
		7883C9792196F894006CD47B /* Info.plist */ = {isa = PBXFileReference; lastKnownFileType = text.plist.xml; path = Info.plist; sourceTree = "<group>"; };
		7883C9822196F8E4006CD47B /* SwiftBuzzTests.swift */ = {isa = PBXFileReference; lastKnownFileType = sourcecode.swift; path = SwiftBuzzTests.swift; sourceTree = "<group>"; };
		7883C9842196F99F006CD47B /* SwiftBuzz.swift */ = {isa = PBXFileReference; lastKnownFileType = sourcecode.swift; path = SwiftBuzz.swift; sourceTree = "<group>"; };
/* End PBXFileReference section */

/* Begin PBXFrameworksBuildPhase section */
		7883C95C2196F893006CD47B /* Frameworks */ = {
			isa = PBXFrameworksBuildPhase;
			buildActionMask = 2147483647;
			files = (
			);
			runOnlyForDeploymentPostprocessing = 0;
		};
		7883C9702196F894006CD47B /* Frameworks */ = {
			isa = PBXFrameworksBuildPhase;
			buildActionMask = 2147483647;
			files = (
			);
			runOnlyForDeploymentPostprocessing = 0;
		};
/* End PBXFrameworksBuildPhase section */

/* Begin PBXGroup section */
		7883C9562196F893006CD47B = {
			isa = PBXGroup;
			children = (
				7883C9612196F893006CD47B /* swiftbuzz */,
				7883C9762196F894006CD47B /* swiftbuzzTests */,
				7883C9602196F893006CD47B /* Products */,
			);
			sourceTree = "<group>";
		};
		7883C9602196F893006CD47B /* Products */ = {
			isa = PBXGroup;
			children = (
				7883C95F2196F893006CD47B /* swiftbuzz.app */,
				7883C9732196F894006CD47B /* swiftbuzzTests.xctest */,
			);
			name = Products;
			sourceTree = "<group>";
		};
		7883C9612196F893006CD47B /* swiftbuzz */ = {
			isa = PBXGroup;
			children = (
				7883C9622196F893006CD47B /* AppDelegate.swift */,
				7883C9642196F893006CD47B /* ViewController.swift */,
				7883C9662196F893006CD47B /* Main.storyboard */,
				7883C9692196F894006CD47B /* Assets.xcassets */,
				7883C96B2196F894006CD47B /* LaunchScreen.storyboard */,
				7883C96E2196F894006CD47B /* Info.plist */,
				7883C9842196F99F006CD47B /* SwiftBuzz.swift */,
			);
			path = swiftbuzz;
			sourceTree = "<group>";
		};
		7883C9762196F894006CD47B /* swiftbuzzTests */ = {
			isa = PBXGroup;
			children = (
				7883C9822196F8E4006CD47B /* SwiftBuzzTests.swift */,
				7883C9792196F894006CD47B /* Info.plist */,
			);
			path = swiftbuzzTests;
			sourceTree = "<group>";
		};
/* End PBXGroup section */

/* Begin PBXNativeTarget section */
		7883C95E2196F893006CD47B /* swiftbuzz */ = {
			isa = PBXNativeTarget;
			buildConfigurationList = 7883C97C2196F894006CD47B /* Build configuration list for PBXNativeTarget "swiftbuzz" */;
			buildPhases = (
				7883C95B2196F893006CD47B /* Sources */,
				7883C95C2196F893006CD47B /* Frameworks */,
				7883C95D2196F893006CD47B /* Resources */,
			);
			buildRules = (
			);
			dependencies = (
			);
			name = swiftbuzz;
			productName = swiftbuzz;
			productReference = 7883C95F2196F893006CD47B /* swiftbuzz.app */;
			productType = "com.apple.product-type.application";
		};
		7883C9722196F894006CD47B /* swiftbuzzTests */ = {
			isa = PBXNativeTarget;
			buildConfigurationList = 7883C97F2196F894006CD47B /* Build configuration list for PBXNativeTarget "swiftbuzzTests" */;
			buildPhases = (
				7883C96F2196F894006CD47B /* Sources */,
				7883C9702196F894006CD47B /* Frameworks */,
				7883C9712196F894006CD47B /* Resources */,
			);
			buildRules = (
			);
			dependencies = (
				7883C9752196F894006CD47B /* PBXTargetDependency */,
			);
			name = swiftbuzzTests;
			productName = swiftbuzzTests;
			productReference = 7883C9732196F894006CD47B /* swiftbuzzTests.xctest */;
			productType = "com.apple.product-type.bundle.unit-test";
		};
/* End PBXNativeTarget section */

/* Begin PBXProject section */
		7883C9572196F893006CD47B /* Project object */ = {
			isa = PBXProject;
			attributes = {
				LastSwiftUpdateCheck = 1010;
				LastUpgradeCheck = 1010;
				ORGANIZATIONNAME = "Alex Kharouk";
				TargetAttributes = {
					7883C95E2196F893006CD47B = {
						CreatedOnToolsVersion = 10.1;
					};
					7883C9722196F894006CD47B = {
						CreatedOnToolsVersion = 10.1;
						LastSwiftMigration = 1010;
						TestTargetID = 7883C95E2196F893006CD47B;
					};
				};
			};
			buildConfigurationList = 7883C95A2196F893006CD47B /* Build configuration list for PBXProject "swiftbuzz" */;
			compatibilityVersion = "Xcode 9.3";
			developmentRegion = en;
			hasScannedForEncodings = 0;
			knownRegions = (
				en,
				Base,
			);
			mainGroup = 7883C9562196F893006CD47B;
			productRefGroup = 7883C9602196F893006CD47B /* Products */;
			projectDirPath = "";
			projectRoot = "";
			targets = (
				7883C95E2196F893006CD47B /* swiftbuzz */,
				7883C9722196F894006CD47B /* swiftbuzzTests */,
			);
		};
/* End PBXProject section */

/* Begin PBXResourcesBuildPhase section */
		7883C95D2196F893006CD47B /* Resources */ = {
			isa = PBXResourcesBuildPhase;
			buildActionMask = 2147483647;
			files = (
				7883C96D2196F894006CD47B /* LaunchScreen.storyboard in Resources */,
				7883C96A2196F894006CD47B /* Assets.xcassets in Resources */,
				7883C9682196F893006CD47B /* Main.storyboard in Resources */,
			);
			runOnlyForDeploymentPostprocessing = 0;
		};
		7883C9712196F894006CD47B /* Resources */ = {
			isa = PBXResourcesBuildPhase;
			buildActionMask = 2147483647;
			files = (
			);
			runOnlyForDeploymentPostprocessing = 0;
		};
/* End PBXResourcesBuildPhase section */

/* Begin PBXSourcesBuildPhase section */
		7883C95B2196F893006CD47B /* Sources */ = {
			isa = PBXSourcesBuildPhase;
			buildActionMask = 2147483647;
			files = (
				7883C9652196F893006CD47B /* ViewController.swift in Sources */,
				7883C9852196F99F006CD47B /* SwiftBuzz.swift in Sources */,
				7883C9632196F893006CD47B /* AppDelegate.swift in Sources */,
			);
			runOnlyForDeploymentPostprocessing = 0;
		};
		7883C96F2196F894006CD47B /* Sources */ = {
			isa = PBXSourcesBuildPhase;
			buildActionMask = 2147483647;
			files = (
				7883C9832196F8E4006CD47B /* SwiftBuzzTests.swift in Sources */,
			);
			runOnlyForDeploymentPostprocessing = 0;
		};
/* End PBXSourcesBuildPhase section */

/* Begin PBXTargetDependency section */
		7883C9752196F894006CD47B /* PBXTargetDependency */ = {
			isa = PBXTargetDependency;
			target = 7883C95E2196F893006CD47B /* swiftbuzz */;
			targetProxy = 7883C9742196F894006CD47B /* PBXContainerItemProxy */;
		};
/* End PBXTargetDependency section */

/* Begin PBXVariantGroup section */
		7883C9662196F893006CD47B /* Main.storyboard */ = {
			isa = PBXVariantGroup;
			children = (
				7883C9672196F893006CD47B /* Base */,
			);
			name = Main.storyboard;
			sourceTree = "<group>";
		};
		7883C96B2196F894006CD47B /* LaunchScreen.storyboard */ = {
			isa = PBXVariantGroup;
			children = (
				7883C96C2196F894006CD47B /* Base */,
			);
			name = LaunchScreen.storyboard;
			sourceTree = "<group>";
		};
/* End PBXVariantGroup section */

/* Begin XCBuildConfiguration section */
		7883C97A2196F894006CD47B /* Debug */ = {
			isa = XCBuildConfiguration;
			buildSettings = {
				ALWAYS_SEARCH_USER_PATHS = NO;
				CLANG_ANALYZER_NONNULL = YES;
				CLANG_ANALYZER_NUMBER_OBJECT_CONVERSION = YES_AGGRESSIVE;
				CLANG_CXX_LANGUAGE_STANDARD = "gnu++14";
				CLANG_CXX_LIBRARY = "libc++";
				CLANG_ENABLE_MODULES = YES;
				CLANG_ENABLE_OBJC_ARC = YES;
				CLANG_ENABLE_OBJC_WEAK = YES;
				CLANG_WARN_BLOCK_CAPTURE_AUTORELEASING = YES;
				CLANG_WARN_BOOL_CONVERSION = YES;
				CLANG_WARN_COMMA = YES;
				CLANG_WARN_CONSTANT_CONVERSION = YES;
				CLANG_WARN_DEPRECATED_OBJC_IMPLEMENTATIONS = YES;
				CLANG_WARN_DIRECT_OBJC_ISA_USAGE = YES_ERROR;
				CLANG_WARN_DOCUMENTATION_COMMENTS = YES;
				CLANG_WARN_EMPTY_BODY = YES;
				CLANG_WARN_ENUM_CONVERSION = YES;
				CLANG_WARN_INFINITE_RECURSION = YES;
				CLANG_WARN_INT_CONVERSION = YES;
				CLANG_WARN_NON_LITERAL_NULL_CONVERSION = YES;
				CLANG_WARN_OBJC_IMPLICIT_RETAIN_SELF = YES;
				CLANG_WARN_OBJC_LITERAL_CONVERSION = YES;
				CLANG_WARN_OBJC_ROOT_CLASS = YES_ERROR;
				CLANG_WARN_RANGE_LOOP_ANALYSIS = YES;
				CLANG_WARN_STRICT_PROTOTYPES = YES;
				CLANG_WARN_SUSPICIOUS_MOVE = YES;
				CLANG_WARN_UNGUARDED_AVAILABILITY = YES_AGGRESSIVE;
				CLANG_WARN_UNREACHABLE_CODE = YES;
				CLANG_WARN__DUPLICATE_METHOD_MATCH = YES;
				CODE_SIGN_IDENTITY = "iPhone Developer";
				COPY_PHASE_STRIP = NO;
				DEBUG_INFORMATION_FORMAT = dwarf;
				ENABLE_STRICT_OBJC_MSGSEND = YES;
				ENABLE_TESTABILITY = YES;
				GCC_C_LANGUAGE_STANDARD = gnu11;
				GCC_DYNAMIC_NO_PIC = NO;
				GCC_NO_COMMON_BLOCKS = YES;
				GCC_OPTIMIZATION_LEVEL = 0;
				GCC_PREPROCESSOR_DEFINITIONS = (
					"DEBUG=1",
					"$(inherited)",
				);
				GCC_WARN_64_TO_32_BIT_CONVERSION = YES;
				GCC_WARN_ABOUT_RETURN_TYPE = YES_ERROR;
				GCC_WARN_UNDECLARED_SELECTOR = YES;
				GCC_WARN_UNINITIALIZED_AUTOS = YES_AGGRESSIVE;
				GCC_WARN_UNUSED_FUNCTION = YES;
				GCC_WARN_UNUSED_VARIABLE = YES;
				IPHONEOS_DEPLOYMENT_TARGET = 12.1;
				MTL_ENABLE_DEBUG_INFO = INCLUDE_SOURCE;
				MTL_FAST_MATH = YES;
				ONLY_ACTIVE_ARCH = YES;
				SDKROOT = iphoneos;
				SWIFT_ACTIVE_COMPILATION_CONDITIONS = DEBUG;
				SWIFT_OPTIMIZATION_LEVEL = "-Onone";
			};
			name = Debug;
		};
		7883C97B2196F894006CD47B /* Release */ = {
			isa = XCBuildConfiguration;
			buildSettings = {
				ALWAYS_SEARCH_USER_PATHS = NO;
				CLANG_ANALYZER_NONNULL = YES;
				CLANG_ANALYZER_NUMBER_OBJECT_CONVERSION = YES_AGGRESSIVE;
				CLANG_CXX_LANGUAGE_STANDARD = "gnu++14";
				CLANG_CXX_LIBRARY = "libc++";
				CLANG_ENABLE_MODULES = YES;
				CLANG_ENABLE_OBJC_ARC = YES;
				CLANG_ENABLE_OBJC_WEAK = YES;
				CLANG_WARN_BLOCK_CAPTURE_AUTORELEASING = YES;
				CLANG_WARN_BOOL_CONVERSION = YES;
				CLANG_WARN_COMMA = YES;
				CLANG_WARN_CONSTANT_CONVERSION = YES;
				CLANG_WARN_DEPRECATED_OBJC_IMPLEMENTATIONS = YES;
				CLANG_WARN_DIRECT_OBJC_ISA_USAGE = YES_ERROR;
				CLANG_WARN_DOCUMENTATION_COMMENTS = YES;
				CLANG_WARN_EMPTY_BODY = YES;
				CLANG_WARN_ENUM_CONVERSION = YES;
				CLANG_WARN_INFINITE_RECURSION = YES;
				CLANG_WARN_INT_CONVERSION = YES;
				CLANG_WARN_NON_LITERAL_NULL_CONVERSION = YES;
				CLANG_WARN_OBJC_IMPLICIT_RETAIN_SELF = YES;
				CLANG_WARN_OBJC_LITERAL_CONVERSION = YES;
				CLANG_WARN_OBJC_ROOT_CLASS = YES_ERROR;
				CLANG_WARN_RANGE_LOOP_ANALYSIS = YES;
				CLANG_WARN_STRICT_PROTOTYPES = YES;
				CLANG_WARN_SUSPICIOUS_MOVE = YES;
				CLANG_WARN_UNGUARDED_AVAILABILITY = YES_AGGRESSIVE;
				CLANG_WARN_UNREACHABLE_CODE = YES;
				CLANG_WARN__DUPLICATE_METHOD_MATCH = YES;
				CODE_SIGN_IDENTITY = "iPhone Developer";
				COPY_PHASE_STRIP = NO;
				DEBUG_INFORMATION_FORMAT = "dwarf-with-dsym";
				ENABLE_NS_ASSERTIONS = NO;
				ENABLE_STRICT_OBJC_MSGSEND = YES;
				GCC_C_LANGUAGE_STANDARD = gnu11;
				GCC_NO_COMMON_BLOCKS = YES;
				GCC_WARN_64_TO_32_BIT_CONVERSION = YES;
				GCC_WARN_ABOUT_RETURN_TYPE = YES_ERROR;
				GCC_WARN_UNDECLARED_SELECTOR = YES;
				GCC_WARN_UNINITIALIZED_AUTOS = YES_AGGRESSIVE;
				GCC_WARN_UNUSED_FUNCTION = YES;
				GCC_WARN_UNUSED_VARIABLE = YES;
				IPHONEOS_DEPLOYMENT_TARGET = 12.1;
				MTL_ENABLE_DEBUG_INFO = NO;
				MTL_FAST_MATH = YES;
				SDKROOT = iphoneos;
				SWIFT_COMPILATION_MODE = wholemodule;
				SWIFT_OPTIMIZATION_LEVEL = "-O";
				VALIDATE_PRODUCT = YES;
			};
			name = Release;
		};
		7883C97D2196F894006CD47B /* Debug */ = {
			isa = XCBuildConfiguration;
			buildSettings = {
				ASSETCATALOG_COMPILER_APPICON_NAME = AppIcon;
				CODE_SIGN_STYLE = Automatic;
				DEVELOPMENT_TEAM = M3RK2T6SVY;
				INFOPLIST_FILE = swiftbuzz/Info.plist;
				LD_RUNPATH_SEARCH_PATHS = (
					"$(inherited)",
					"@executable_path/Frameworks",
				);
				PRODUCT_BUNDLE_IDENTIFIER = kharouk.swiftbuzz;
				PRODUCT_NAME = "$(TARGET_NAME)";
				SWIFT_VERSION = 4.2;
				TARGETED_DEVICE_FAMILY = "1,2";
			};
			name = Debug;
		};
		7883C97E2196F894006CD47B /* Release */ = {
			isa = XCBuildConfiguration;
			buildSettings = {
				ASSETCATALOG_COMPILER_APPICON_NAME = AppIcon;
				CODE_SIGN_STYLE = Automatic;
				DEVELOPMENT_TEAM = M3RK2T6SVY;
				INFOPLIST_FILE = swiftbuzz/Info.plist;
				LD_RUNPATH_SEARCH_PATHS = (
					"$(inherited)",
					"@executable_path/Frameworks",
				);
				PRODUCT_BUNDLE_IDENTIFIER = kharouk.swiftbuzz;
				PRODUCT_NAME = "$(TARGET_NAME)";
				SWIFT_VERSION = 4.2;
				TARGETED_DEVICE_FAMILY = "1,2";
			};
			name = Release;
		};
		7883C9802196F894006CD47B /* Debug */ = {
			isa = XCBuildConfiguration;
			buildSettings = {
				ALWAYS_EMBED_SWIFT_STANDARD_LIBRARIES = YES;
				BUNDLE_LOADER = "$(TEST_HOST)";
				CLANG_ENABLE_MODULES = YES;
				CODE_SIGN_STYLE = Automatic;
				DEVELOPMENT_TEAM = M3RK2T6SVY;
				INFOPLIST_FILE = swiftbuzzTests/Info.plist;
				LD_RUNPATH_SEARCH_PATHS = (
					"$(inherited)",
					"@executable_path/Frameworks",
					"@loader_path/Frameworks",
				);
				PRODUCT_BUNDLE_IDENTIFIER = kharouk.swiftbuzzTests;
				PRODUCT_NAME = "$(TARGET_NAME)";
				SWIFT_OPTIMIZATION_LEVEL = "-Onone";
				SWIFT_VERSION = 4.2;
				TARGETED_DEVICE_FAMILY = "1,2";
				TEST_HOST = "$(BUILT_PRODUCTS_DIR)/swiftbuzz.app/swiftbuzz";
			};
			name = Debug;
		};
		7883C9812196F894006CD47B /* Release */ = {
			isa = XCBuildConfiguration;
			buildSettings = {
				ALWAYS_EMBED_SWIFT_STANDARD_LIBRARIES = YES;
				BUNDLE_LOADER = "$(TEST_HOST)";
				CLANG_ENABLE_MODULES = YES;
				CODE_SIGN_STYLE = Automatic;
				DEVELOPMENT_TEAM = M3RK2T6SVY;
				INFOPLIST_FILE = swiftbuzzTests/Info.plist;
				LD_RUNPATH_SEARCH_PATHS = (
					"$(inherited)",
					"@executable_path/Frameworks",
					"@loader_path/Frameworks",
				);
				PRODUCT_BUNDLE_IDENTIFIER = kharouk.swiftbuzzTests;
				PRODUCT_NAME = "$(TARGET_NAME)";
				SWIFT_VERSION = 4.2;
				TARGETED_DEVICE_FAMILY = "1,2";
				TEST_HOST = "$(BUILT_PRODUCTS_DIR)/swiftbuzz.app/swiftbuzz";
			};
			name = Release;
		};
/* End XCBuildConfiguration section */

/* Begin XCConfigurationList section */
		7883C95A2196F893006CD47B /* Build configuration list for PBXProject "swiftbuzz" */ = {
			isa = XCConfigurationList;
			buildConfigurations = (
				7883C97A2196F894006CD47B /* Debug */,
				7883C97B2196F894006CD47B /* Release */,
			);
			defaultConfigurationIsVisible = 0;
			defaultConfigurationName = Release;
		};
		7883C97C2196F894006CD47B /* Build configuration list for PBXNativeTarget "swiftbuzz" */ = {
			isa = XCConfigurationList;
			buildConfigurations = (
				7883C97D2196F894006CD47B /* Debug */,
				7883C97E2196F894006CD47B /* Release */,
			);
			defaultConfigurationIsVisible = 0;
			defaultConfigurationName = Release;
		};
		7883C97F2196F894006CD47B /* Build configuration list for PBXNativeTarget "swiftbuzzTests" */ = {
			isa = XCConfigurationList;
			buildConfigurations = (
				7883C9802196F894006CD47B /* Debug */,
				7883C9812196F894006CD47B /* Release */,
			);
			defaultConfigurationIsVisible = 0;
			defaultConfigurationName = Release;
		};
/* End XCConfigurationList section */
	};
	rootObject = 7883C9572196F893006CD47B /* Project object */;
}
